
Microsoft Visual Studio Solution File, Format Version 12.00
# Visual Studio Version 16
VisualStudioVersion = 16.0.29613.14
MinimumVisualStudioVersion = 10.0.40219.1
Project("{9A19103F-16F7-4668-BE54-9A1E7A4F7556}") = "AWSLambda1", "AWSLambda1\AWSLambda1.csproj", "{B43B1BB8-9E1F-4EE7-82EB-CA4D68F19160}"
EndProject
Project("{9A19103F-16F7-4668-BE54-9A1E7A4F7556}") = "AWSLambda1.Tests", "AWSLambda1.Tests\AWSLambda1.Tests.csproj", "{8DD17BA2-DD93-4C60-92A8-7B5E66860070}"
EndProject
Global
	GlobalSection(SolutionConfigurationPlatforms) = preSolution
		Debug|Any CPU = Debug|Any CPU
		Release|Any CPU = Release|Any CPU
	EndGlobalSection
	GlobalSection(ProjectConfigurationPlatforms) = postSolution
		{B43B1BB8-9E1F-4EE7-82EB-CA4D68F19160}.Debug|Any CPU.ActiveCfg = Debug|Any CPU
		{B43B1BB8-9E1F-4EE7-82EB-CA4D68F19160}.Debug|Any CPU.Build.0 = Debug|Any CPU
		{B43B1BB8-9E1F-4EE7-82EB-CA4D68F19160}.Release|Any CPU.ActiveCfg = Release|Any CPU
		{B43B1BB8-9E1F-4EE7-82EB-CA4D68F19160}.Release|Any CPU.Build.0 = Release|Any CPU
		{8DD17BA2-DD93-4C60-92A8-7B5E66860070}.Debug|Any CPU.ActiveCfg = Debug|Any CPU
		{8DD17BA2-DD93-4C60-92A8-7B5E66860070}.Debug|Any CPU.Build.0 = Debug|Any CPU
		{8DD17BA2-DD93-4C60-92A8-7B5E66860070}.Release|Any CPU.ActiveCfg = Release|Any CPU
		{8DD17BA2-DD93-4C60-92A8-7B5E66860070}.Release|Any CPU.Build.0 = Release|Any CPU
	EndGlobalSection
	GlobalSection(SolutionProperties) = preSolution
		HideSolutionNode = FALSE
	EndGlobalSection
	GlobalSection(ExtensibilityGlobals) = postSolution
		SolutionGuid = {071B97B2-67D6-4BFC-86BE-FC38B7F92FBD}
	EndGlobalSection
EndGlobal
